// !$*UTF8*$!
{
	archiveVersion = 1;
	classes = {
	};
	objectVersion = 77;
	objects = {

/* Begin PBXContainerItemProxy section */
		E1399C152CB9AD5E0038FB61 /* PBXContainerItemProxy */ = {
			isa = PBXContainerItemProxy;
			containerPortal = E1399BF12CB9AD5D0038FB61 /* Project object */;
			proxyType = 1;
			remoteGlobalIDString = E1399BF82CB9AD5D0038FB61;
			remoteInfo = themoviedb_ivanlopez;
		};
		E1399C1F2CB9AD5E0038FB61 /* PBXContainerItemProxy */ = {
			isa = PBXContainerItemProxy;
			containerPortal = E1399BF12CB9AD5D0038FB61 /* Project object */;
			proxyType = 1;
			remoteGlobalIDString = E1399BF82CB9AD5D0038FB61;
			remoteInfo = themoviedb_ivanlopez;
		};
/* End PBXContainerItemProxy section */

/* Begin PBXFileReference section */
		E1399BF92CB9AD5D0038FB61 /* themoviedb_ivanlopez.app */ = {isa = PBXFileReference; explicitFileType = wrapper.application; includeInIndex = 0; path = themoviedb_ivanlopez.app; sourceTree = BUILT_PRODUCTS_DIR; };
		E1399C142CB9AD5E0038FB61 /* themoviedb_ivanlopezTests.xctest */ = {isa = PBXFileReference; explicitFileType = wrapper.cfbundle; includeInIndex = 0; path = themoviedb_ivanlopezTests.xctest; sourceTree = BUILT_PRODUCTS_DIR; };
		E1399C1E2CB9AD5E0038FB61 /* themoviedb_ivanlopezUITests.xctest */ = {isa = PBXFileReference; explicitFileType = wrapper.cfbundle; includeInIndex = 0; path = themoviedb_ivanlopezUITests.xctest; sourceTree = BUILT_PRODUCTS_DIR; };
/* End PBXFileReference section */

/* Begin PBXFileSystemSynchronizedBuildFileExceptionSet section */
		E1399C262CB9AD5E0038FB61 /* Exceptions for "themoviedb_ivanlopez" folder in "themoviedb_ivanlopez" target */ = {
			isa = PBXFileSystemSynchronizedBuildFileExceptionSet;
			membershipExceptions = (
				App/SupportFiles/Info.plist,
			);
			target = E1399BF82CB9AD5D0038FB61 /* themoviedb_ivanlopez */;
		};
/* End PBXFileSystemSynchronizedBuildFileExceptionSet section */

/* Begin PBXFileSystemSynchronizedRootGroup section */
		E1399BFB2CB9AD5D0038FB61 /* themoviedb_ivanlopez */ = {
			isa = PBXFileSystemSynchronizedRootGroup;
			exceptions = (
				E1399C262CB9AD5E0038FB61 /* Exceptions for "themoviedb_ivanlopez" folder in "themoviedb_ivanlopez" target */,
			);
			path = themoviedb_ivanlopez;
			sourceTree = "<group>";
		};
		E1399C172CB9AD5E0038FB61 /* themoviedb_ivanlopezTests */ = {
			isa = PBXFileSystemSynchronizedRootGroup;
			path = themoviedb_ivanlopezTests;
			sourceTree = "<group>";
		};
		E1399C212CB9AD5E0038FB61 /* themoviedb_ivanlopezUITests */ = {
			isa = PBXFileSystemSynchronizedRootGroup;
			path = themoviedb_ivanlopezUITests;
			sourceTree = "<group>";
		};
/* End PBXFileSystemSynchronizedRootGroup section */

/* Begin PBXFrameworksBuildPhase section */
		E1399BF62CB9AD5D0038FB61 /* Frameworks */ = {
			isa = PBXFrameworksBuildPhase;
			buildActionMask = 2147483647;
			files = (
			);
			runOnlyForDeploymentPostprocessing = 0;
		};
		E1399C112CB9AD5E0038FB61 /* Frameworks */ = {
			isa = PBXFrameworksBuildPhase;
			buildActionMask = 2147483647;
			files = (
			);
			runOnlyForDeploymentPostprocessing = 0;
		};
		E1399C1B2CB9AD5E0038FB61 /* Frameworks */ = {
			isa = PBXFrameworksBuildPhase;
			buildActionMask = 2147483647;
			files = (
			);
			runOnlyForDeploymentPostprocessing = 0;
		};
/* End PBXFrameworksBuildPhase section */

/* Begin PBXGroup section */
		E1399BF02CB9AD5D0038FB61 = {
			isa = PBXGroup;
			children = (
				E1399BFB2CB9AD5D0038FB61 /* themoviedb_ivanlopez */,
				E1399C172CB9AD5E0038FB61 /* themoviedb_ivanlopezTests */,
				E1399C212CB9AD5E0038FB61 /* themoviedb_ivanlopezUITests */,
				E1399BFA2CB9AD5D0038FB61 /* Products */,
			);
			sourceTree = "<group>";
		};
		E1399BFA2CB9AD5D0038FB61 /* Products */ = {
			isa = PBXGroup;
			children = (
				E1399BF92CB9AD5D0038FB61 /* themoviedb_ivanlopez.app */,
				E1399C142CB9AD5E0038FB61 /* themoviedb_ivanlopezTests.xctest */,
				E1399C1E2CB9AD5E0038FB61 /* themoviedb_ivanlopezUITests.xctest */,
			);
			name = Products;
			sourceTree = "<group>";
		};
/* End PBXGroup section */

/* Begin PBXNativeTarget section */
		E1399BF82CB9AD5D0038FB61 /* themoviedb_ivanlopez */ = {
			isa = PBXNativeTarget;
			buildConfigurationList = E1399C272CB9AD5E0038FB61 /* Build configuration list for PBXNativeTarget "themoviedb_ivanlopez" */;
			buildPhases = (
				E1399BF52CB9AD5D0038FB61 /* Sources */,
				E1399BF62CB9AD5D0038FB61 /* Frameworks */,
				E1399BF72CB9AD5D0038FB61 /* Resources */,
			);
			buildRules = (
			);
			dependencies = (
			);
			fileSystemSynchronizedGroups = (
				E1399BFB2CB9AD5D0038FB61 /* themoviedb_ivanlopez */,
			);
			name = themoviedb_ivanlopez;
			packageProductDependencies = (
			);
			productName = themoviedb_ivanlopez;
			productReference = E1399BF92CB9AD5D0038FB61 /* themoviedb_ivanlopez.app */;
			productType = "com.apple.product-type.application";
		};
		E1399C132CB9AD5E0038FB61 /* themoviedb_ivanlopezTests */ = {
			isa = PBXNativeTarget;
			buildConfigurationList = E1399C2C2CB9AD5E0038FB61 /* Build configuration list for PBXNativeTarget "themoviedb_ivanlopezTests" */;
			buildPhases = (
				E1399C102CB9AD5E0038FB61 /* Sources */,
				E1399C112CB9AD5E0038FB61 /* Frameworks */,
				E1399C122CB9AD5E0038FB61 /* Resources */,
			);
			buildRules = (
			);
			dependencies = (
				E1399C162CB9AD5E0038FB61 /* PBXTargetDependency */,
			);
			fileSystemSynchronizedGroups = (
				E1399C172CB9AD5E0038FB61 /* themoviedb_ivanlopezTests */,
			);
			name = themoviedb_ivanlopezTests;
			packageProductDependencies = (
			);
			productName = themoviedb_ivanlopezTests;
			productReference = E1399C142CB9AD5E0038FB61 /* themoviedb_ivanlopezTests.xctest */;
			productType = "com.apple.product-type.bundle.unit-test";
		};
		E1399C1D2CB9AD5E0038FB61 /* themoviedb_ivanlopezUITests */ = {
			isa = PBXNativeTarget;
			buildConfigurationList = E1399C2F2CB9AD5E0038FB61 /* Build configuration list for PBXNativeTarget "themoviedb_ivanlopezUITests" */;
			buildPhases = (
				E1399C1A2CB9AD5E0038FB61 /* Sources */,
				E1399C1B2CB9AD5E0038FB61 /* Frameworks */,
				E1399C1C2CB9AD5E0038FB61 /* Resources */,
			);
			buildRules = (
			);
			dependencies = (
				E1399C202CB9AD5E0038FB61 /* PBXTargetDependency */,
			);
			fileSystemSynchronizedGroups = (
				E1399C212CB9AD5E0038FB61 /* themoviedb_ivanlopezUITests */,
			);
			name = themoviedb_ivanlopezUITests;
			packageProductDependencies = (
			);
			productName = themoviedb_ivanlopezUITests;
			productReference = E1399C1E2CB9AD5E0038FB61 /* themoviedb_ivanlopezUITests.xctest */;
			productType = "com.apple.product-type.bundle.ui-testing";
		};
/* End PBXNativeTarget section */

/* Begin PBXProject section */
		E1399BF12CB9AD5D0038FB61 /* Project object */ = {
			isa = PBXProject;
			attributes = {
				BuildIndependentTargetsInParallel = 1;
				LastUpgradeCheck = 1600;
				TargetAttributes = {
					E1399BF82CB9AD5D0038FB61 = {
						CreatedOnToolsVersion = 16.0;
						LastSwiftMigration = 1600;
					};
					E1399C132CB9AD5E0038FB61 = {
						CreatedOnToolsVersion = 16.0;
						TestTargetID = E1399BF82CB9AD5D0038FB61;
					};
					E1399C1D2CB9AD5E0038FB61 = {
						CreatedOnToolsVersion = 16.0;
						TestTargetID = E1399BF82CB9AD5D0038FB61;
					};
				};
			};
			buildConfigurationList = E1399BF42CB9AD5D0038FB61 /* Build configuration list for PBXProject "themoviedb_ivanlopez" */;
			developmentRegion = en;
			hasScannedForEncodings = 0;
			knownRegions = (
				en,
				Base,
			);
			mainGroup = E1399BF02CB9AD5D0038FB61;
			minimizedProjectReferenceProxies = 1;
			preferredProjectObjectVersion = 77;
			productRefGroup = E1399BFA2CB9AD5D0038FB61 /* Products */;
			projectDirPath = "";
			projectRoot = "";
			targets = (
				E1399BF82CB9AD5D0038FB61 /* themoviedb_ivanlopez */,
				E1399C132CB9AD5E0038FB61 /* themoviedb_ivanlopezTests */,
				E1399C1D2CB9AD5E0038FB61 /* themoviedb_ivanlopezUITests */,
			);
		};
/* End PBXProject section */

/* Begin PBXResourcesBuildPhase section */
		E1399BF72CB9AD5D0038FB61 /* Resources */ = {
			isa = PBXResourcesBuildPhase;
			buildActionMask = 2147483647;
			files = (
			);
			runOnlyForDeploymentPostprocessing = 0;
		};
		E1399C122CB9AD5E0038FB61 /* Resources */ = {
			isa = PBXResourcesBuildPhase;
			buildActionMask = 2147483647;
			files = (
			);
			runOnlyForDeploymentPostprocessing = 0;
		};
		E1399C1C2CB9AD5E0038FB61 /* Resources */ = {
			isa = PBXResourcesBuildPhase;
			buildActionMask = 2147483647;
			files = (
			);
			runOnlyForDeploymentPostprocessing = 0;
		};
/* End PBXResourcesBuildPhase section */

/* Begin PBXSourcesBuildPhase section */
		E1399BF52CB9AD5D0038FB61 /* Sources */ = {
			isa = PBXSourcesBuildPhase;
			buildActionMask = 2147483647;
			files = (
			);
			runOnlyForDeploymentPostprocessing = 0;
		};
		E1399C102CB9AD5E0038FB61 /* Sources */ = {
			isa = PBXSourcesBuildPhase;
			buildActionMask = 2147483647;
			files = (
			);
			runOnlyForDeploymentPostprocessing = 0;
		};
		E1399C1A2CB9AD5E0038FB61 /* Sources */ = {
			isa = PBXSourcesBuildPhase;
			buildActionMask = 2147483647;
			files = (
			);
			runOnlyForDeploymentPostprocessing = 0;
		};
/* End PBXSourcesBuildPhase section */

/* Begin PBXTargetDependency section */
		E1399C162CB9AD5E0038FB61 /* PBXTargetDependency */ = {
			isa = PBXTargetDependency;
			target = E1399BF82CB9AD5D0038FB61 /* themoviedb_ivanlopez */;
			targetProxy = E1399C152CB9AD5E0038FB61 /* PBXContainerItemProxy */;
		};
		E1399C202CB9AD5E0038FB61 /* PBXTargetDependency */ = {
			isa = PBXTargetDependency;
			target = E1399BF82CB9AD5D0038FB61 /* themoviedb_ivanlopez */;
			targetProxy = E1399C1F2CB9AD5E0038FB61 /* PBXContainerItemProxy */;
		};
/* End PBXTargetDependency section */

/* Begin XCBuildConfiguration section */
		E1399C282CB9AD5E0038FB61 /* Debug */ = {
			isa = XCBuildConfiguration;
			buildSettings = {
				ASSETCATALOG_COMPILER_APPICON_NAME = AppIcon;
				ASSETCATALOG_COMPILER_GLOBAL_ACCENT_COLOR_NAME = AccentColor;
				CLANG_ENABLE_MODULES = YES;
				CODE_SIGN_STYLE = Automatic;
				CURRENT_PROJECT_VERSION = 1;
				GENERATE_INFOPLIST_FILE = YES;
				INFOPLIST_FILE = themoviedb_ivanlopez/App/SupportFiles/Info.plist;
				INFOPLIST_KEY_UIApplicationSupportsIndirectInputEvents = YES;
				INFOPLIST_KEY_UILaunchStoryboardName = LaunchScreen;
				INFOPLIST_KEY_UIMainStoryboardFile = Main;
				INFOPLIST_KEY_UISupportedInterfaceOrientations_iPad = "UIInterfaceOrientationPortrait UIInterfaceOrientationPortraitUpsideDown UIInterfaceOrientationLandscapeLeft UIInterfaceOrientationLandscapeRight";
				INFOPLIST_KEY_UISupportedInterfaceOrientations_iPhone = "UIInterfaceOrientationPortrait UIInterfaceOrientationLandscapeLeft UIInterfaceOrientationLandscapeRight";
				LD_RUNPATH_SEARCH_PATHS = (
					"$(inherited)",
					"@executable_path/Frameworks",
				);
				MARKETING_VERSION = 1.0;
				PRODUCT_BUNDLE_IDENTIFIER = "lopezansaldo.themoviedb-ivanlopez";
				PRODUCT_NAME = "$(TARGET_NAME)";
				SWIFT_EMIT_LOC_STRINGS = YES;
				SWIFT_OBJC_BRIDGING_HEADER = "themoviedb_ivanlopez/App/SupportFiles/themoviedb_ivanlopez-Bridging-Header.h";
				SWIFT_OPTIMIZATION_LEVEL = "-Onone";
				SWIFT_VERSION = 6.0;
				TARGETED_DEVICE_FAMILY = "1,2";
			};
			name = Debug;
		};
		E1399C292CB9AD5E0038FB61 /* Release */ = {
			isa = XCBuildConfiguration;
			buildSettings = {
				ASSETCATALOG_COMPILER_APPICON_NAME = AppIcon;
				ASSETCATALOG_COMPILER_GLOBAL_ACCENT_COLOR_NAME = AccentColor;
				CLANG_ENABLE_MODULES = YES;
				CODE_SIGN_STYLE = Automatic;
				CURRENT_PROJECT_VERSION = 1;
				GENERATE_INFOPLIST_FILE = YES;
				INFOPLIST_FILE = themoviedb_ivanlopez/App/SupportFiles/Info.plist;
				INFOPLIST_KEY_UIApplicationSupportsIndirectInputEvents = YES;
				INFOPLIST_KEY_UILaunchStoryboardName = LaunchScreen;
				INFOPLIST_KEY_UIMainStoryboardFile = Main;
				INFOPLIST_KEY_UISupportedInterfaceOrientations_iPad = "UIInterfaceOrientationPortrait UIInterfaceOrientationPortraitUpsideDown UIInterfaceOrientationLandscapeLeft UIInterfaceOrientationLandscapeRight";
				INFOPLIST_KEY_UISupportedInterfaceOrientations_iPhone = "UIInterfaceOrientationPortrait UIInterfaceOrientationLandscapeLeft UIInterfaceOrientationLandscapeRight";
				LD_RUNPATH_SEARCH_PATHS = (
					"$(inherited)",
					"@executable_path/Frameworks",
				);
				MARKETING_VERSION = 1.0;
				PRODUCT_BUNDLE_IDENTIFIER = "lopezansaldo.themoviedb-ivanlopez";
				PRODUCT_NAME = "$(TARGET_NAME)";
				SWIFT_EMIT_LOC_STRINGS = YES;
				SWIFT_OBJC_BRIDGING_HEADER = "themoviedb_ivanlopez/App/SupportFiles/themoviedb_ivanlopez-Bridging-Header.h";
				SWIFT_VERSION = 6.0;
				TARGETED_DEVICE_FAMILY = "1,2";
			};
			name = Release;
		};
		E1399C2A2CB9AD5E0038FB61 /* Debug */ = {
			isa = XCBuildConfiguration;
			buildSettings = {
				ALWAYS_SEARCH_USER_PATHS = NO;
				ASSETCATALOG_COMPILER_GENERATE_SWIFT_ASSET_SYMBOL_EXTENSIONS = YES;
				CLANG_ANALYZER_NONNULL = YES;
				CLANG_ANALYZER_NUMBER_OBJECT_CONVERSION = YES_AGGRESSIVE;
				CLANG_CXX_LANGUAGE_STANDARD = "gnu++20";
				CLANG_ENABLE_MODULES = YES;
				CLANG_ENABLE_OBJC_ARC = YES;
				CLANG_ENABLE_OBJC_WEAK = YES;
				CLANG_WARN_BLOCK_CAPTURE_AUTORELEASING = YES;
				CLANG_WARN_BOOL_CONVERSION = YES;
				CLANG_WARN_COMMA = YES;
				CLANG_WARN_CONSTANT_CONVERSION = YES;
				CLANG_WARN_DEPRECATED_OBJC_IMPLEMENTATIONS = YES;
				CLANG_WARN_DIRECT_OBJC_ISA_USAGE = YES_ERROR;
				CLANG_WARN_DOCUMENTATION_COMMENTS = YES;
				CLANG_WARN_EMPTY_BODY = YES;
				CLANG_WARN_ENUM_CONVERSION = YES;
				CLANG_WARN_INFINITE_RECURSION = YES;
				CLANG_WARN_INT_CONVERSION = YES;
				CLANG_WARN_NON_LITERAL_NULL_CONVERSION = YES;
				CLANG_WARN_OBJC_IMPLICIT_RETAIN_SELF = YES;
				CLANG_WARN_OBJC_LITERAL_CONVERSION = YES;
				CLANG_WARN_OBJC_ROOT_CLASS = YES_ERROR;
				CLANG_WARN_QUOTED_INCLUDE_IN_FRAMEWORK_HEADER = YES;
				CLANG_WARN_RANGE_LOOP_ANALYSIS = YES;
				CLANG_WARN_STRICT_PROTOTYPES = YES;
				CLANG_WARN_SUSPICIOUS_MOVE = YES;
				CLANG_WARN_UNGUARDED_AVAILABILITY = YES_AGGRESSIVE;
				CLANG_WARN_UNREACHABLE_CODE = YES;
				CLANG_WARN__DUPLICATE_METHOD_MATCH = YES;
				COPY_PHASE_STRIP = NO;
				DEBUG_INFORMATION_FORMAT = dwarf;
				ENABLE_STRICT_OBJC_MSGSEND = YES;
				ENABLE_TESTABILITY = YES;
				ENABLE_USER_SCRIPT_SANDBOXING = YES;
				GCC_C_LANGUAGE_STANDARD = gnu17;
				GCC_DYNAMIC_NO_PIC = NO;
				GCC_NO_COMMON_BLOCKS = YES;
				GCC_OPTIMIZATION_LEVEL = 0;
				GCC_PREPROCESSOR_DEFINITIONS = (
					"DEBUG=1",
					"$(inherited)",
				);
				GCC_WARN_64_TO_32_BIT_CONVERSION = YES;
				GCC_WARN_ABOUT_RETURN_TYPE = YES_ERROR;
				GCC_WARN_UNDECLARED_SELECTOR = YES;
				GCC_WARN_UNINITIALIZED_AUTOS = YES_AGGRESSIVE;
				GCC_WARN_UNUSED_FUNCTION = YES;
				GCC_WARN_UNUSED_VARIABLE = YES;
				IPHONEOS_DEPLOYMENT_TARGET = 15.6;
				LOCALIZATION_PREFERS_STRING_CATALOGS = YES;
				MTL_ENABLE_DEBUG_INFO = INCLUDE_SOURCE;
				MTL_FAST_MATH = YES;
				ONLY_ACTIVE_ARCH = YES;
				SDKROOT = iphoneos;
				SWIFT_VERSION = 5.0;
			};
			name = Debug;
		};
		E1399C2B2CB9AD5E0038FB61 /* Release */ = {
			isa = XCBuildConfiguration;
			buildSettings = {
				ALWAYS_SEARCH_USER_PATHS = NO;
				ASSETCATALOG_COMPILER_GENERATE_SWIFT_ASSET_SYMBOL_EXTENSIONS = YES;
				CLANG_ANALYZER_NONNULL = YES;
				CLANG_ANALYZER_NUMBER_OBJECT_CONVERSION = YES_AGGRESSIVE;
				CLANG_CXX_LANGUAGE_STANDARD = "gnu++20";
				CLANG_ENABLE_MODULES = YES;
				CLANG_ENABLE_OBJC_ARC = YES;
				CLANG_ENABLE_OBJC_WEAK = YES;
				CLANG_WARN_BLOCK_CAPTURE_AUTORELEASING = YES;
				CLANG_WARN_BOOL_CONVERSION = YES;
				CLANG_WARN_COMMA = YES;
				CLANG_WARN_CONSTANT_CONVERSION = YES;
				CLANG_WARN_DEPRECATED_OBJC_IMPLEMENTATIONS = YES;
				CLANG_WARN_DIRECT_OBJC_ISA_USAGE = YES_ERROR;
				CLANG_WARN_DOCUMENTATION_COMMENTS = YES;
				CLANG_WARN_EMPTY_BODY = YES;
				CLANG_WARN_ENUM_CONVERSION = YES;
				CLANG_WARN_INFINITE_RECURSION = YES;
				CLANG_WARN_INT_CONVERSION = YES;
				CLANG_WARN_NON_LITERAL_NULL_CONVERSION = YES;
				CLANG_WARN_OBJC_IMPLICIT_RETAIN_SELF = YES;
				CLANG_WARN_OBJC_LITERAL_CONVERSION = YES;
				CLANG_WARN_OBJC_ROOT_CLASS = YES_ERROR;
				CLANG_WARN_QUOTED_INCLUDE_IN_FRAMEWORK_HEADER = YES;
				CLANG_WARN_RANGE_LOOP_ANALYSIS = YES;
				CLANG_WARN_STRICT_PROTOTYPES = YES;
				CLANG_WARN_SUSPICIOUS_MOVE = YES;
				CLANG_WARN_UNGUARDED_AVAILABILITY = YES_AGGRESSIVE;
				CLANG_WARN_UNREACHABLE_CODE = YES;
				CLANG_WARN__DUPLICATE_METHOD_MATCH = YES;
				COPY_PHASE_STRIP = NO;
				DEBUG_INFORMATION_FORMAT = "dwarf-with-dsym";
				ENABLE_NS_ASSERTIONS = NO;
				ENABLE_STRICT_OBJC_MSGSEND = YES;
				ENABLE_USER_SCRIPT_SANDBOXING = YES;
				GCC_C_LANGUAGE_STANDARD = gnu17;
				GCC_NO_COMMON_BLOCKS = YES;
				GCC_WARN_64_TO_32_BIT_CONVERSION = YES;
				GCC_WARN_ABOUT_RETURN_TYPE = YES_ERROR;
				GCC_WARN_UNDECLARED_SELECTOR = YES;
				GCC_WARN_UNINITIALIZED_AUTOS = YES_AGGRESSIVE;
				GCC_WARN_UNUSED_FUNCTION = YES;
				GCC_WARN_UNUSED_VARIABLE = YES;
				IPHONEOS_DEPLOYMENT_TARGET = 15.6;
				LOCALIZATION_PREFERS_STRING_CATALOGS = YES;
				MTL_ENABLE_DEBUG_INFO = NO;
				MTL_FAST_MATH = YES;
				SDKROOT = iphoneos;
				SWIFT_VERSION = 5.0;
				VALIDATE_PRODUCT = YES;
			};
			name = Release;
		};
		E1399C2D2CB9AD5E0038FB61 /* Debug */ = {
			isa = XCBuildConfiguration;
			buildSettings = {
				BUNDLE_LOADER = "$(TEST_HOST)";
				CODE_SIGN_STYLE = Automatic;
				CURRENT_PROJECT_VERSION = 1;
				GENERATE_INFOPLIST_FILE = YES;
				IPHONEOS_DEPLOYMENT_TARGET = 18.0;
				MARKETING_VERSION = 1.0;
				PRODUCT_BUNDLE_IDENTIFIER = "lopezansaldo.themoviedb-ivanlopezTests";
				PRODUCT_NAME = "$(TARGET_NAME)";
				SWIFT_EMIT_LOC_STRINGS = NO;
				TARGETED_DEVICE_FAMILY = "1,2";
				TEST_HOST = "$(BUILT_PRODUCTS_DIR)/themoviedb_ivanlopez.app/$(BUNDLE_EXECUTABLE_FOLDER_PATH)/themoviedb_ivanlopez";
			};
			name = Debug;
		};
		E1399C2E2CB9AD5E0038FB61 /* Release */ = {
			isa = XCBuildConfiguration;
			buildSettings = {
				BUNDLE_LOADER = "$(TEST_HOST)";
				CODE_SIGN_STYLE = Automatic;
				CURRENT_PROJECT_VERSION = 1;
				GENERATE_INFOPLIST_FILE = YES;
				IPHONEOS_DEPLOYMENT_TARGET = 18.0;
				MARKETING_VERSION = 1.0;
				PRODUCT_BUNDLE_IDENTIFIER = "lopezansaldo.themoviedb-ivanlopezTests";
				PRODUCT_NAME = "$(TARGET_NAME)";
				SWIFT_EMIT_LOC_STRINGS = NO;
				TARGETED_DEVICE_FAMILY = "1,2";
				TEST_HOST = "$(BUILT_PRODUCTS_DIR)/themoviedb_ivanlopez.app/$(BUNDLE_EXECUTABLE_FOLDER_PATH)/themoviedb_ivanlopez";
			};
			name = Release;
		};
		E1399C302CB9AD5E0038FB61 /* Debug */ = {
			isa = XCBuildConfiguration;
			buildSettings = {
				CODE_SIGN_STYLE = Automatic;
				CURRENT_PROJECT_VERSION = 1;
				GENERATE_INFOPLIST_FILE = YES;
				MARKETING_VERSION = 1.0;
				PRODUCT_BUNDLE_IDENTIFIER = "lopezansaldo.themoviedb-ivanlopezUITests";
				PRODUCT_NAME = "$(TARGET_NAME)";
				SWIFT_EMIT_LOC_STRINGS = NO;
				TARGETED_DEVICE_FAMILY = "1,2";
				TEST_TARGET_NAME = themoviedb_ivanlopez;
			};
			name = Debug;
		};
		E1399C312CB9AD5E0038FB61 /* Release */ = {
			isa = XCBuildConfiguration;
			buildSettings = {
				CODE_SIGN_STYLE = Automatic;
				CURRENT_PROJECT_VERSION = 1;
				GENERATE_INFOPLIST_FILE = YES;
				MARKETING_VERSION = 1.0;
				PRODUCT_BUNDLE_IDENTIFIER = "lopezansaldo.themoviedb-ivanlopezUITests";
				PRODUCT_NAME = "$(TARGET_NAME)";
				SWIFT_EMIT_LOC_STRINGS = NO;
				TARGETED_DEVICE_FAMILY = "1,2";
				TEST_TARGET_NAME = themoviedb_ivanlopez;
			};
			name = Release;
		};
/* End XCBuildConfiguration section */

/* Begin XCConfigurationList section */
		E1399BF42CB9AD5D0038FB61 /* Build configuration list for PBXProject "themoviedb_ivanlopez" */ = {
			isa = XCConfigurationList;
			buildConfigurations = (
				E1399C2A2CB9AD5E0038FB61 /* Debug */,
				E1399C2B2CB9AD5E0038FB61 /* Release */,
			);
			defaultConfigurationIsVisible = 0;
			defaultConfigurationName = Release;
		};
		E1399C272CB9AD5E0038FB61 /* Build configuration list for PBXNativeTarget "themoviedb_ivanlopez" */ = {
			isa = XCConfigurationList;
			buildConfigurations = (
				E1399C282CB9AD5E0038FB61 /* Debug */,
				E1399C292CB9AD5E0038FB61 /* Release */,
			);
			defaultConfigurationIsVisible = 0;
			defaultConfigurationName = Release;
		};
		E1399C2C2CB9AD5E0038FB61 /* Build configuration list for PBXNativeTarget "themoviedb_ivanlopezTests" */ = {
			isa = XCConfigurationList;
			buildConfigurations = (
				E1399C2D2CB9AD5E0038FB61 /* Debug */,
				E1399C2E2CB9AD5E0038FB61 /* Release */,
			);
			defaultConfigurationIsVisible = 0;
			defaultConfigurationName = Release;
		};
		E1399C2F2CB9AD5E0038FB61 /* Build configuration list for PBXNativeTarget "themoviedb_ivanlopezUITests" */ = {
			isa = XCConfigurationList;
			buildConfigurations = (
				E1399C302CB9AD5E0038FB61 /* Debug */,
				E1399C312CB9AD5E0038FB61 /* Release */,
			);
			defaultConfigurationIsVisible = 0;
			defaultConfigurationName = Release;
		};
/* End XCConfigurationList section */
	};
	rootObject = E1399BF12CB9AD5D0038FB61 /* Project object */;
}
